
Microsoft Visual Studio Solution File, Format Version 12.00
# Visual Studio Version 16
VisualStudioVersion = 16.0.33328.57
MinimumVisualStudioVersion = 10.0.40219.1
Project("{FAE04EC0-301F-11D3-BF4B-00C04F79EFBC}") = "FirstWindowsFormApp", "FirstWindowsFormApp\FirstWindowsFormApp.csproj", "{08CDF842-97AF-421B-BA4F-8EB2A26BFBCE}"
EndProject
Global
	GlobalSection(SolutionConfigurationPlatforms) = preSolution
		Debug|Any CPU = Debug|Any CPU
		Release|Any CPU = Release|Any CPU
	EndGlobalSection
	GlobalSection(ProjectConfigurationPlatforms) = postSolution
		{08CDF842-97AF-421B-BA4F-8EB2A26BFBCE}.Debug|Any CPU.ActiveCfg = Debug|Any CPU
		{08CDF842-97AF-421B-BA4F-8EB2A26BFBCE}.Debug|Any CPU.Build.0 = Debug|Any CPU
		{08CDF842-97AF-421B-BA4F-8EB2A26BFBCE}.Release|Any CPU.ActiveCfg = Release|Any CPU
		{08CDF842-97AF-421B-BA4F-8EB2A26BFBCE}.Release|Any CPU.Build.0 = Release|Any CPU
	EndGlobalSection
	GlobalSection(SolutionProperties) = preSolution
		HideSolutionNode = FALSE
	EndGlobalSection
	GlobalSection(ExtensibilityGlobals) = postSolution
		SolutionGuid = {B91DF290-D26A-4827-873D-51100F2BEBB1}
	EndGlobalSection
EndGlobal
