
Microsoft Visual Studio Solution File, Format Version 12.00
# Visual Studio Version 16
VisualStudioVersion = 16.0.33328.57
MinimumVisualStudioVersion = 10.0.40219.1
Project("{FAE04EC0-301F-11D3-BF4B-00C04F79EFBC}") = "FirstConsole", "FirstConsole\FirstConsole.csproj", "{2C6443AF-0466-424F-9AB4-562EA6FE26F3}"
EndProject
Global
	GlobalSection(SolutionConfigurationPlatforms) = preSolution
		Debug|Any CPU = Debug|Any CPU
		Release|Any CPU = Release|Any CPU
	EndGlobalSection
	GlobalSection(ProjectConfigurationPlatforms) = postSolution
		{2C6443AF-0466-424F-9AB4-562EA6FE26F3}.Debug|Any CPU.ActiveCfg = Debug|Any CPU
		{2C6443AF-0466-424F-9AB4-562EA6FE26F3}.Debug|Any CPU.Build.0 = Debug|Any CPU
		{2C6443AF-0466-424F-9AB4-562EA6FE26F3}.Release|Any CPU.ActiveCfg = Release|Any CPU
		{2C6443AF-0466-424F-9AB4-562EA6FE26F3}.Release|Any CPU.Build.0 = Release|Any CPU
	EndGlobalSection
	GlobalSection(SolutionProperties) = preSolution
		HideSolutionNode = FALSE
	EndGlobalSection
	GlobalSection(ExtensibilityGlobals) = postSolution
		SolutionGuid = {495C54C5-9A2B-4CED-8E80-E2DBD3163D8A}
	EndGlobalSection
EndGlobal
